
Microsoft Visual Studio Solution File, Format Version 12.00
# Visual Studio Version 16
VisualStudioVersion = 16.0.32228.343
MinimumVisualStudioVersion = 10.0.40219.1
Project("{FAE04EC0-301F-11D3-BF4B-00C04F79EFBC}") = "BeeStudy", "BeeStudy\BeeStudy.csproj", "{10610D0A-209E-4B43-9A3E-64C122D02DC3}"
EndProject
Global
	GlobalSection(SolutionConfigurationPlatforms) = preSolution
		Debug|Any CPU = Debug|Any CPU
		Release|Any CPU = Release|Any CPU
	EndGlobalSection
	GlobalSection(ProjectConfigurationPlatforms) = postSolution
		{10610D0A-209E-4B43-9A3E-64C122D02DC3}.Debug|Any CPU.ActiveCfg = Debug|Any CPU
		{10610D0A-209E-4B43-9A3E-64C122D02DC3}.Debug|Any CPU.Build.0 = Debug|Any CPU
		{10610D0A-209E-4B43-9A3E-64C122D02DC3}.Release|Any CPU.ActiveCfg = Release|Any CPU
		{10610D0A-209E-4B43-9A3E-64C122D02DC3}.Release|Any CPU.Build.0 = Release|Any CPU
	EndGlobalSection
	GlobalSection(SolutionProperties) = preSolution
		HideSolutionNode = FALSE
	EndGlobalSection
	GlobalSection(ExtensibilityGlobals) = postSolution
		SolutionGuid = {07163954-3719-4042-B51E-4FB050A4C492}
	EndGlobalSection
EndGlobal
